
Microsoft Visual Studio Solution File, Format Version 12.00
# Visual Studio Version 17
VisualStudioVersion = 17.9.34723.18
MinimumVisualStudioVersion = 10.0.40219.1
Project("{FAE04EC0-301F-11D3-BF4B-00C04F79EFBC}") = "Desafio_Core", "Desafio_Core\Desafio_Core.csproj", "{61BA6EE5-390E-42B1-B1D9-DCCBC9F365D2}"
EndProject
Project("{FAE04EC0-301F-11D3-BF4B-00C04F79EFBC}") = "Desafio_Infrastructure", "Desafio_Infrastructure\Desafio_Infrastructure.csproj", "{DF072FEF-F808-404E-96D5-1EC0CF7CF904}"
	ProjectSection(ProjectDependencies) = postProject
		{61BA6EE5-390E-42B1-B1D9-DCCBC9F365D2} = {61BA6EE5-390E-42B1-B1D9-DCCBC9F365D2}
	EndProjectSection
EndProject
Project("{FAE04EC0-301F-11D3-BF4B-00C04F79EFBC}") = "Desafio_API", "Desafio_API\Desafio_API.csproj", "{4E5DC3CE-47E9-4B0E-9A21-AA6CAA8637F8}"
EndProject
Global
	GlobalSection(SolutionConfigurationPlatforms) = preSolution
		Debug|Any CPU = Debug|Any CPU
		Release|Any CPU = Release|Any CPU
	EndGlobalSection
	GlobalSection(ProjectConfigurationPlatforms) = postSolution
		{61BA6EE5-390E-42B1-B1D9-DCCBC9F365D2}.Debug|Any CPU.ActiveCfg = Debug|Any CPU
		{61BA6EE5-390E-42B1-B1D9-DCCBC9F365D2}.Debug|Any CPU.Build.0 = Debug|Any CPU
		{61BA6EE5-390E-42B1-B1D9-DCCBC9F365D2}.Release|Any CPU.ActiveCfg = Release|Any CPU
		{61BA6EE5-390E-42B1-B1D9-DCCBC9F365D2}.Release|Any CPU.Build.0 = Release|Any CPU
		{DF072FEF-F808-404E-96D5-1EC0CF7CF904}.Debug|Any CPU.ActiveCfg = Debug|Any CPU
		{DF072FEF-F808-404E-96D5-1EC0CF7CF904}.Debug|Any CPU.Build.0 = Debug|Any CPU
		{DF072FEF-F808-404E-96D5-1EC0CF7CF904}.Release|Any CPU.ActiveCfg = Release|Any CPU
		{DF072FEF-F808-404E-96D5-1EC0CF7CF904}.Release|Any CPU.Build.0 = Release|Any CPU
		{4E5DC3CE-47E9-4B0E-9A21-AA6CAA8637F8}.Debug|Any CPU.ActiveCfg = Debug|Any CPU
		{4E5DC3CE-47E9-4B0E-9A21-AA6CAA8637F8}.Debug|Any CPU.Build.0 = Debug|Any CPU
		{4E5DC3CE-47E9-4B0E-9A21-AA6CAA8637F8}.Release|Any CPU.ActiveCfg = Release|Any CPU
		{4E5DC3CE-47E9-4B0E-9A21-AA6CAA8637F8}.Release|Any CPU.Build.0 = Release|Any CPU
	EndGlobalSection
	GlobalSection(SolutionProperties) = preSolution
		HideSolutionNode = FALSE
	EndGlobalSection
	GlobalSection(ExtensibilityGlobals) = postSolution
		SolutionGuid = {CE54D67F-3D18-4E9E-8D6E-C7EB2E172AE4}
	EndGlobalSection
EndGlobal
